
Microsoft Visual Studio Solution File, Format Version 12.00
# Visual Studio Version 17
VisualStudioVersion = 17.4.32912.340
MinimumVisualStudioVersion = 10.0.40219.1
Project("{FAE04EC0-301F-11D3-BF4B-00C04F79EFBC}") = "QueryHub.WebApi", "QueryHub.WebApi\QueryHub.WebApi.csproj", "{55426569-71D5-4896-8C3A-F011FC603F57}"
EndProject
Project("{2150E333-8FDC-42A3-9474-1A3956D46DE8}") = "Presentation", "Presentation", "{04E59412-6B57-4CF6-80C7-3EAEADA0DDFB}"
EndProject
Project("{2150E333-8FDC-42A3-9474-1A3956D46DE8}") = "Core", "Core", "{671C0FBA-CB7F-444D-ADD9-0CF8E92A44BA}"
EndProject
Project("{FAE04EC0-301F-11D3-BF4B-00C04F79EFBC}") = "QueryHub.Domain", "QueryHub.Domain\QueryHub.Domain.csproj", "{1931C53F-8913-4EE3-A821-D15AA9B59AE7}"
EndProject
Project("{FAE04EC0-301F-11D3-BF4B-00C04F79EFBC}") = "QueryHub.Application", "QueryHub.Application\QueryHub.Application.csproj", "{138DD480-0A97-4F63-A17B-BD84FCE14D55}"
EndProject
Project("{2150E333-8FDC-42A3-9474-1A3956D46DE8}") = "Infrastructure", "Infrastructure", "{EC4A8D71-DD4E-4F8E-9CF8-2D1543326A4F}"
EndProject
Project("{FAE04EC0-301F-11D3-BF4B-00C04F79EFBC}") = "QueryHub.Data", "QueryHub.Data\QueryHub.Data.csproj", "{2E78E5CD-EB5D-4C2F-A546-9E32B27FD181}"
EndProject
Project("{2150E333-8FDC-42A3-9474-1A3956D46DE8}") = "Test", "Test", "{A8AC65AD-9564-4FAE-AEFD-515BCEE6B415}"
EndProject
Project("{FAE04EC0-301F-11D3-BF4B-00C04F79EFBC}") = "QueryHub.Domain.Test", "QueryHub.Domain.Test\QueryHub.Domain.Test.csproj", "{99EDEF77-8BD7-4E2B-A3D6-222AB3212DD5}"
EndProject
Project("{FAE04EC0-301F-11D3-BF4B-00C04F79EFBC}") = "QueryHub.Application.Test", "QueryHub.Application.Test\QueryHub.Application.Test.csproj", "{7B112E84-DFA9-4188-8EAF-20E91FD4E2CD}"
EndProject
Project("{FAE04EC0-301F-11D3-BF4B-00C04F79EFBC}") = "QueryHub.Data.Test", "QueryHub.Data.Test\QueryHub.Data.Test.csproj", "{F634C80D-6ABF-404C-A110-67F82462477E}"
EndProject
Project("{FAE04EC0-301F-11D3-BF4B-00C04F79EFBC}") = "QueryHub.Api.Test", "QueryHub.Api.Test\QueryHub.Api.Test.csproj", "{030F0052-63C8-44DB-BD4A-5E1D79FB83EE}"
EndProject
Project("{2150E333-8FDC-42A3-9474-1A3956D46DE8}") = "Log", "Log", "{1DFCEFB2-FFD2-4E33-A82E-29418DB57EC2}"
EndProject
Project("{FAE04EC0-301F-11D3-BF4B-00C04F79EFBC}") = "QueryHub.Log", "QueryHub.Log\QueryHub.Log.csproj", "{52421DDC-DEF2-4156-AC4A-A1925235BBD3}"
EndProject
Project("{FAE04EC0-301F-11D3-BF4B-00C04F79EFBC}") = "QueryHub.Log.Test", "QueryHub.Log.Test\QueryHub.Log.Test.csproj", "{83338DCF-647B-4950-B04C-73ABC723C5A4}"
EndProject
Global
	GlobalSection(SolutionConfigurationPlatforms) = preSolution
		Debug|Any CPU = Debug|Any CPU
		Release|Any CPU = Release|Any CPU
	EndGlobalSection
	GlobalSection(ProjectConfigurationPlatforms) = postSolution
		{55426569-71D5-4896-8C3A-F011FC603F57}.Debug|Any CPU.ActiveCfg = Debug|Any CPU
		{55426569-71D5-4896-8C3A-F011FC603F57}.Debug|Any CPU.Build.0 = Debug|Any CPU
		{55426569-71D5-4896-8C3A-F011FC603F57}.Release|Any CPU.ActiveCfg = Release|Any CPU
		{55426569-71D5-4896-8C3A-F011FC603F57}.Release|Any CPU.Build.0 = Release|Any CPU
		{1931C53F-8913-4EE3-A821-D15AA9B59AE7}.Debug|Any CPU.ActiveCfg = Debug|Any CPU
		{1931C53F-8913-4EE3-A821-D15AA9B59AE7}.Debug|Any CPU.Build.0 = Debug|Any CPU
		{1931C53F-8913-4EE3-A821-D15AA9B59AE7}.Release|Any CPU.ActiveCfg = Release|Any CPU
		{1931C53F-8913-4EE3-A821-D15AA9B59AE7}.Release|Any CPU.Build.0 = Release|Any CPU
		{138DD480-0A97-4F63-A17B-BD84FCE14D55}.Debug|Any CPU.ActiveCfg = Debug|Any CPU
		{138DD480-0A97-4F63-A17B-BD84FCE14D55}.Debug|Any CPU.Build.0 = Debug|Any CPU
		{138DD480-0A97-4F63-A17B-BD84FCE14D55}.Release|Any CPU.ActiveCfg = Release|Any CPU
		{138DD480-0A97-4F63-A17B-BD84FCE14D55}.Release|Any CPU.Build.0 = Release|Any CPU
		{2E78E5CD-EB5D-4C2F-A546-9E32B27FD181}.Debug|Any CPU.ActiveCfg = Debug|Any CPU
		{2E78E5CD-EB5D-4C2F-A546-9E32B27FD181}.Debug|Any CPU.Build.0 = Debug|Any CPU
		{2E78E5CD-EB5D-4C2F-A546-9E32B27FD181}.Release|Any CPU.ActiveCfg = Release|Any CPU
		{2E78E5CD-EB5D-4C2F-A546-9E32B27FD181}.Release|Any CPU.Build.0 = Release|Any CPU
		{99EDEF77-8BD7-4E2B-A3D6-222AB3212DD5}.Debug|Any CPU.ActiveCfg = Debug|Any CPU
		{99EDEF77-8BD7-4E2B-A3D6-222AB3212DD5}.Debug|Any CPU.Build.0 = Debug|Any CPU
		{99EDEF77-8BD7-4E2B-A3D6-222AB3212DD5}.Release|Any CPU.ActiveCfg = Release|Any CPU
		{99EDEF77-8BD7-4E2B-A3D6-222AB3212DD5}.Release|Any CPU.Build.0 = Release|Any CPU
		{7B112E84-DFA9-4188-8EAF-20E91FD4E2CD}.Debug|Any CPU.ActiveCfg = Debug|Any CPU
		{7B112E84-DFA9-4188-8EAF-20E91FD4E2CD}.Debug|Any CPU.Build.0 = Debug|Any CPU
		{7B112E84-DFA9-4188-8EAF-20E91FD4E2CD}.Release|Any CPU.ActiveCfg = Release|Any CPU
		{7B112E84-DFA9-4188-8EAF-20E91FD4E2CD}.Release|Any CPU.Build.0 = Release|Any CPU
		{F634C80D-6ABF-404C-A110-67F82462477E}.Debug|Any CPU.ActiveCfg = Debug|Any CPU
		{F634C80D-6ABF-404C-A110-67F82462477E}.Debug|Any CPU.Build.0 = Debug|Any CPU
		{F634C80D-6ABF-404C-A110-67F82462477E}.Release|Any CPU.ActiveCfg = Release|Any CPU
		{F634C80D-6ABF-404C-A110-67F82462477E}.Release|Any CPU.Build.0 = Release|Any CPU
		{030F0052-63C8-44DB-BD4A-5E1D79FB83EE}.Debug|Any CPU.ActiveCfg = Debug|Any CPU
		{030F0052-63C8-44DB-BD4A-5E1D79FB83EE}.Debug|Any CPU.Build.0 = Debug|Any CPU
		{030F0052-63C8-44DB-BD4A-5E1D79FB83EE}.Release|Any CPU.ActiveCfg = Release|Any CPU
		{030F0052-63C8-44DB-BD4A-5E1D79FB83EE}.Release|Any CPU.Build.0 = Release|Any CPU
		{52421DDC-DEF2-4156-AC4A-A1925235BBD3}.Debug|Any CPU.ActiveCfg = Debug|Any CPU
		{52421DDC-DEF2-4156-AC4A-A1925235BBD3}.Debug|Any CPU.Build.0 = Debug|Any CPU
		{52421DDC-DEF2-4156-AC4A-A1925235BBD3}.Release|Any CPU.ActiveCfg = Release|Any CPU
		{52421DDC-DEF2-4156-AC4A-A1925235BBD3}.Release|Any CPU.Build.0 = Release|Any CPU
		{83338DCF-647B-4950-B04C-73ABC723C5A4}.Debug|Any CPU.ActiveCfg = Debug|Any CPU
		{83338DCF-647B-4950-B04C-73ABC723C5A4}.Debug|Any CPU.Build.0 = Debug|Any CPU
		{83338DCF-647B-4950-B04C-73ABC723C5A4}.Release|Any CPU.ActiveCfg = Release|Any CPU
		{83338DCF-647B-4950-B04C-73ABC723C5A4}.Release|Any CPU.Build.0 = Release|Any CPU
	EndGlobalSection
	GlobalSection(SolutionProperties) = preSolution
		HideSolutionNode = FALSE
	EndGlobalSection
	GlobalSection(NestedProjects) = preSolution
		{55426569-71D5-4896-8C3A-F011FC603F57} = {04E59412-6B57-4CF6-80C7-3EAEADA0DDFB}
		{1931C53F-8913-4EE3-A821-D15AA9B59AE7} = {671C0FBA-CB7F-444D-ADD9-0CF8E92A44BA}
		{138DD480-0A97-4F63-A17B-BD84FCE14D55} = {671C0FBA-CB7F-444D-ADD9-0CF8E92A44BA}
		{2E78E5CD-EB5D-4C2F-A546-9E32B27FD181} = {EC4A8D71-DD4E-4F8E-9CF8-2D1543326A4F}
		{99EDEF77-8BD7-4E2B-A3D6-222AB3212DD5} = {A8AC65AD-9564-4FAE-AEFD-515BCEE6B415}
		{7B112E84-DFA9-4188-8EAF-20E91FD4E2CD} = {A8AC65AD-9564-4FAE-AEFD-515BCEE6B415}
		{F634C80D-6ABF-404C-A110-67F82462477E} = {A8AC65AD-9564-4FAE-AEFD-515BCEE6B415}
		{030F0052-63C8-44DB-BD4A-5E1D79FB83EE} = {A8AC65AD-9564-4FAE-AEFD-515BCEE6B415}
		{52421DDC-DEF2-4156-AC4A-A1925235BBD3} = {1DFCEFB2-FFD2-4E33-A82E-29418DB57EC2}
		{83338DCF-647B-4950-B04C-73ABC723C5A4} = {A8AC65AD-9564-4FAE-AEFD-515BCEE6B415}
	EndGlobalSection
	GlobalSection(ExtensibilityGlobals) = postSolution
		SolutionGuid = {1B3BDD80-8B8A-4D16-8B3C-1C8D63DCE06D}
	EndGlobalSection
EndGlobal
